
Microsoft Visual Studio Solution File, Format Version 12.00
# Visual Studio Version 16
VisualStudioVersion = 16.0.32002.261
MinimumVisualStudioVersion = 10.0.40219.1
Project("{8BC9CEB8-8B4A-11D0-8D11-00A0C91BC942}") = "13-Mar15", "13-Mar15.vcxproj", "{F7AC1108-57AD-45BC-A85D-66026D24766E}"
EndProject
Global
	GlobalSection(SolutionConfigurationPlatforms) = preSolution
		Debug|x64 = Debug|x64
		Debug|x86 = Debug|x86
		Release|x64 = Release|x64
		Release|x86 = Release|x86
	EndGlobalSection
	GlobalSection(ProjectConfigurationPlatforms) = postSolution
		{F7AC1108-57AD-45BC-A85D-66026D24766E}.Debug|x64.ActiveCfg = Debug|x64
		{F7AC1108-57AD-45BC-A85D-66026D24766E}.Debug|x64.Build.0 = Debug|x64
		{F7AC1108-57AD-45BC-A85D-66026D24766E}.Debug|x86.ActiveCfg = Debug|Win32
		{F7AC1108-57AD-45BC-A85D-66026D24766E}.Debug|x86.Build.0 = Debug|Win32
		{F7AC1108-57AD-45BC-A85D-66026D24766E}.Release|x64.ActiveCfg = Release|x64
		{F7AC1108-57AD-45BC-A85D-66026D24766E}.Release|x64.Build.0 = Release|x64
		{F7AC1108-57AD-45BC-A85D-66026D24766E}.Release|x86.ActiveCfg = Release|Win32
		{F7AC1108-57AD-45BC-A85D-66026D24766E}.Release|x86.Build.0 = Release|Win32
	EndGlobalSection
	GlobalSection(SolutionProperties) = preSolution
		HideSolutionNode = FALSE
	EndGlobalSection
	GlobalSection(ExtensibilityGlobals) = postSolution
		SolutionGuid = {9EA35FB8-8309-48C5-8FDE-F741F655C3CF}
	EndGlobalSection
EndGlobal
