
Microsoft Visual Studio Solution File, Format Version 12.00
# Visual Studio Version 16
VisualStudioVersion = 16.0.32106.194
MinimumVisualStudioVersion = 10.0.40219.1
Project("{8BC9CEB8-8B4A-11D0-8D11-00A0C91BC942}") = "09-Feb10", "09-Feb10.vcxproj", "{0CAE2811-C985-4FA5-B0D2-0CD1E497DAF4}"
EndProject
Project("{8BC9CEB8-8B4A-11D0-8D11-00A0C91BC942}") = "a-int", "a-int\a-int.vcxproj", "{CD68324C-9422-4EF9-8907-7067BED93594}"
EndProject
Project("{8BC9CEB8-8B4A-11D0-8D11-00A0C91BC942}") = "b-IntFuncPtr", "b-IntFuncPtr\b-IntFuncPtr.vcxproj", "{F82D777E-4900-45AD-9F2A-A75A3658FA92}"
EndProject
Project("{8BC9CEB8-8B4A-11D0-8D11-00A0C91BC942}") = "c-IntFunctor", "c-IntFunctor\c-IntFunctor.vcxproj", "{6153CEC3-853A-4C23-98AC-0B99D17BBA1E}"
EndProject
Global
	GlobalSection(SolutionConfigurationPlatforms) = preSolution
		Debug|x64 = Debug|x64
		Debug|x86 = Debug|x86
		Release|x64 = Release|x64
		Release|x86 = Release|x86
	EndGlobalSection
	GlobalSection(ProjectConfigurationPlatforms) = postSolution
		{0CAE2811-C985-4FA5-B0D2-0CD1E497DAF4}.Debug|x64.ActiveCfg = Debug|x64
		{0CAE2811-C985-4FA5-B0D2-0CD1E497DAF4}.Debug|x64.Build.0 = Debug|x64
		{0CAE2811-C985-4FA5-B0D2-0CD1E497DAF4}.Debug|x86.ActiveCfg = Debug|Win32
		{0CAE2811-C985-4FA5-B0D2-0CD1E497DAF4}.Debug|x86.Build.0 = Debug|Win32
		{0CAE2811-C985-4FA5-B0D2-0CD1E497DAF4}.Release|x64.ActiveCfg = Release|x64
		{0CAE2811-C985-4FA5-B0D2-0CD1E497DAF4}.Release|x64.Build.0 = Release|x64
		{0CAE2811-C985-4FA5-B0D2-0CD1E497DAF4}.Release|x86.ActiveCfg = Release|Win32
		{0CAE2811-C985-4FA5-B0D2-0CD1E497DAF4}.Release|x86.Build.0 = Release|Win32
		{CD68324C-9422-4EF9-8907-7067BED93594}.Debug|x64.ActiveCfg = Debug|x64
		{CD68324C-9422-4EF9-8907-7067BED93594}.Debug|x64.Build.0 = Debug|x64
		{CD68324C-9422-4EF9-8907-7067BED93594}.Debug|x86.ActiveCfg = Debug|Win32
		{CD68324C-9422-4EF9-8907-7067BED93594}.Debug|x86.Build.0 = Debug|Win32
		{CD68324C-9422-4EF9-8907-7067BED93594}.Release|x64.ActiveCfg = Release|x64
		{CD68324C-9422-4EF9-8907-7067BED93594}.Release|x64.Build.0 = Release|x64
		{CD68324C-9422-4EF9-8907-7067BED93594}.Release|x86.ActiveCfg = Release|Win32
		{CD68324C-9422-4EF9-8907-7067BED93594}.Release|x86.Build.0 = Release|Win32
		{F82D777E-4900-45AD-9F2A-A75A3658FA92}.Debug|x64.ActiveCfg = Debug|x64
		{F82D777E-4900-45AD-9F2A-A75A3658FA92}.Debug|x64.Build.0 = Debug|x64
		{F82D777E-4900-45AD-9F2A-A75A3658FA92}.Debug|x86.ActiveCfg = Debug|Win32
		{F82D777E-4900-45AD-9F2A-A75A3658FA92}.Debug|x86.Build.0 = Debug|Win32
		{F82D777E-4900-45AD-9F2A-A75A3658FA92}.Release|x64.ActiveCfg = Release|x64
		{F82D777E-4900-45AD-9F2A-A75A3658FA92}.Release|x64.Build.0 = Release|x64
		{F82D777E-4900-45AD-9F2A-A75A3658FA92}.Release|x86.ActiveCfg = Release|Win32
		{F82D777E-4900-45AD-9F2A-A75A3658FA92}.Release|x86.Build.0 = Release|Win32
		{6153CEC3-853A-4C23-98AC-0B99D17BBA1E}.Debug|x64.ActiveCfg = Debug|x64
		{6153CEC3-853A-4C23-98AC-0B99D17BBA1E}.Debug|x64.Build.0 = Debug|x64
		{6153CEC3-853A-4C23-98AC-0B99D17BBA1E}.Debug|x86.ActiveCfg = Debug|Win32
		{6153CEC3-853A-4C23-98AC-0B99D17BBA1E}.Debug|x86.Build.0 = Debug|Win32
		{6153CEC3-853A-4C23-98AC-0B99D17BBA1E}.Release|x64.ActiveCfg = Release|x64
		{6153CEC3-853A-4C23-98AC-0B99D17BBA1E}.Release|x64.Build.0 = Release|x64
		{6153CEC3-853A-4C23-98AC-0B99D17BBA1E}.Release|x86.ActiveCfg = Release|Win32
		{6153CEC3-853A-4C23-98AC-0B99D17BBA1E}.Release|x86.Build.0 = Release|Win32
	EndGlobalSection
	GlobalSection(SolutionProperties) = preSolution
		HideSolutionNode = FALSE
	EndGlobalSection
	GlobalSection(ExtensibilityGlobals) = postSolution
		SolutionGuid = {269C550B-1E0D-439B-BACA-FB756DE5EC95}
	EndGlobalSection
EndGlobal
